
Microsoft Visual Studio Solution File, Format Version 12.00
# Visual Studio Version 16
VisualStudioVersion = 16.0.30523.141
MinimumVisualStudioVersion = 10.0.40219.1
Project("{FAE04EC0-301F-11D3-BF4B-00C04F79EFBC}") = "CalculadoraBasica", "CalculadoraBasica\CalculadoraBasica.csproj", "{E67DA43D-9C17-489B-AEC5-72D0965A542B}"
EndProject
Global
	GlobalSection(SolutionConfigurationPlatforms) = preSolution
		Debug|Any CPU = Debug|Any CPU
		Release|Any CPU = Release|Any CPU
	EndGlobalSection
	GlobalSection(ProjectConfigurationPlatforms) = postSolution
		{E67DA43D-9C17-489B-AEC5-72D0965A542B}.Debug|Any CPU.ActiveCfg = Debug|Any CPU
		{E67DA43D-9C17-489B-AEC5-72D0965A542B}.Debug|Any CPU.Build.0 = Debug|Any CPU
		{E67DA43D-9C17-489B-AEC5-72D0965A542B}.Release|Any CPU.ActiveCfg = Release|Any CPU
		{E67DA43D-9C17-489B-AEC5-72D0965A542B}.Release|Any CPU.Build.0 = Release|Any CPU
	EndGlobalSection
	GlobalSection(SolutionProperties) = preSolution
		HideSolutionNode = FALSE
	EndGlobalSection
	GlobalSection(ExtensibilityGlobals) = postSolution
		SolutionGuid = {83DAAF6A-5DEC-42B8-9BB1-8BBEC64AF851}
	EndGlobalSection
EndGlobal
